
Microsoft Visual Studio Solution File, Format Version 12.00
# Visual Studio Version 17
VisualStudioVersion = 17.3.32611.2
MinimumVisualStudioVersion = 10.0.40219.1
Project("{2150E333-8FDC-42A3-9474-1A3956D46DE8}") = "src", "src", "{1670A657-E363-43F0-BE04-D4B9DC1CC9A8}"
EndProject
Project("{9A19103F-16F7-4668-BE54-9A1E7A4F7556}") = "IdentityCoreOnMvcExample", "src\IdentityCoreOnMvcExample\IdentityCoreOnMvcExample.csproj", "{27C1CBD9-13CD-4F89-B77B-BB1D22083F06}"
EndProject
Project("{2150E333-8FDC-42A3-9474-1A3956D46DE8}") = "tests", "tests", "{23891E1F-460C-485A-87EF-DD138F7E343C}"
EndProject
Global
	GlobalSection(SolutionConfigurationPlatforms) = preSolution
		Debug|Any CPU = Debug|Any CPU
		Release|Any CPU = Release|Any CPU
	EndGlobalSection
	GlobalSection(ProjectConfigurationPlatforms) = postSolution
		{27C1CBD9-13CD-4F89-B77B-BB1D22083F06}.Debug|Any CPU.ActiveCfg = Debug|Any CPU
		{27C1CBD9-13CD-4F89-B77B-BB1D22083F06}.Debug|Any CPU.Build.0 = Debug|Any CPU
		{27C1CBD9-13CD-4F89-B77B-BB1D22083F06}.Release|Any CPU.ActiveCfg = Release|Any CPU
		{27C1CBD9-13CD-4F89-B77B-BB1D22083F06}.Release|Any CPU.Build.0 = Release|Any CPU
	EndGlobalSection
	GlobalSection(SolutionProperties) = preSolution
		HideSolutionNode = FALSE
	EndGlobalSection
	GlobalSection(NestedProjects) = preSolution
		{27C1CBD9-13CD-4F89-B77B-BB1D22083F06} = {1670A657-E363-43F0-BE04-D4B9DC1CC9A8}
	EndGlobalSection
	GlobalSection(ExtensibilityGlobals) = postSolution
		SolutionGuid = {60BBDFC3-00C0-4470-B7B5-3B7A647871F6}
	EndGlobalSection
EndGlobal
